<?xml version="1.0" encoding="utf-8"?>
<Project ToolsVersion="4.0" xmlns="http://schemas.microsoft.com/developer/msbuild/2003">
  <ItemGroup>
    <Filter Include="Untold">
      <UniqueIdentifier>{1B8C2DD6-072E-58AC-F0E8-6B00DC29DFFC}</UniqueIdentifier>
    </Filter>
    <Filter Include="Untold\Events">
      <UniqueIdentifier>{9F2B5F38-0BEC-DA6E-D426-24EC40A61F4B}</UniqueIdentifier>
    </Filter>
  </ItemGroup>
  <ItemGroup>
    <ClInclude Include="src\Untold.h" />
    <ClInclude Include="src\Untold\Application.h">
      <Filter>Untold</Filter>
    </ClInclude>
    <ClInclude Include="src\Untold\Core.h">
      <Filter>Untold</Filter>
    </ClInclude>
    <ClInclude Include="src\Untold\EntryPoint.h">
      <Filter>Untold</Filter>
    </ClInclude>
    <ClInclude Include="src\Untold\Events\ApplicationEvent.h">
      <Filter>Untold\Events</Filter>
    </ClInclude>
    <ClInclude Include="src\Untold\Events\Event.h">
      <Filter>Untold\Events</Filter>
    </ClInclude>
    <ClInclude Include="src\Untold\Events\KeyEvent.h">
      <Filter>Untold\Events</Filter>
    </ClInclude>
    <ClInclude Include="src\Untold\Events\MouseEvent.h">
      <Filter>Untold\Events</Filter>
    </ClInclude>
    <ClInclude Include="src\Untold\Log.h">
      <Filter>Untold</Filter>
    </ClInclude>
    <ClInclude Include="src\utpch.h" />
  </ItemGroup>
  <ItemGroup>
    <ClCompile Include="src\Untold\Application.cpp">
      <Filter>Untold</Filter>
    </ClCompile>
    <ClCompile Include="src\Untold\Log.cpp">
      <Filter>Untold</Filter>
    </ClCompile>
    <ClCompile Include="src\utpch.cpp" />
  </ItemGroup>
</Project>